// !$*UTF8*$!
{
	archiveVersion = 1;
	classes = {
	};
	objectVersion = 50;
	objects = {

/* Begin PBXBuildFile section */
		21B628B80F8EB873F56EC2AC /* Pods_FakeNewsWebBrowser.framework in Frameworks */ = {isa = PBXBuildFile; fileRef = F9938DC3648FE2C4CB32F8DF /* Pods_FakeNewsWebBrowser.framework */; };
		FA3B668722189C1500AABE8F /* Extensions.swift in Sources */ = {isa = PBXBuildFile; fileRef = FA3B668622189C1500AABE8F /* Extensions.swift */; };
		FA64B86D2218C659004DA834 /* script.js in Resources */ = {isa = PBXBuildFile; fileRef = FA64B86C2218C659004DA834 /* script.js */; };
		FA83D8F72218E793009BD141 /* NewsVerifier.swift in Sources */ = {isa = PBXBuildFile; fileRef = FA83D8F62218E793009BD141 /* NewsVerifier.swift */; };
		FA83D8F92218F81C009BD141 /* VerificationViewController.swift in Sources */ = {isa = PBXBuildFile; fileRef = FA83D8F82218F81C009BD141 /* VerificationViewController.swift */; };
		FA83D8FB2218F909009BD141 /* response.json in Resources */ = {isa = PBXBuildFile; fileRef = FA83D8FA2218F909009BD141 /* response.json */; };
		FA83D8FD22190029009BD141 /* ReportCollectionViewCell.swift in Sources */ = {isa = PBXBuildFile; fileRef = FA83D8FC22190029009BD141 /* ReportCollectionViewCell.swift */; };
		FA83D8FF22190595009BD141 /* Report.swift in Sources */ = {isa = PBXBuildFile; fileRef = FA83D8FE22190595009BD141 /* Report.swift */; };
		FACE4D5522188F6B00DC7CB9 /* AppDelegate.swift in Sources */ = {isa = PBXBuildFile; fileRef = FACE4D5422188F6B00DC7CB9 /* AppDelegate.swift */; };
		FACE4D5722188F6B00DC7CB9 /* ViewController.swift in Sources */ = {isa = PBXBuildFile; fileRef = FACE4D5622188F6B00DC7CB9 /* ViewController.swift */; };
		FACE4D5A22188F6B00DC7CB9 /* Main.storyboard in Resources */ = {isa = PBXBuildFile; fileRef = FACE4D5822188F6B00DC7CB9 /* Main.storyboard */; };
		FACE4D5C22188F6D00DC7CB9 /* Assets.xcassets in Resources */ = {isa = PBXBuildFile; fileRef = FACE4D5B22188F6D00DC7CB9 /* Assets.xcassets */; };
		FACE4D5F22188F6D00DC7CB9 /* LaunchScreen.storyboard in Resources */ = {isa = PBXBuildFile; fileRef = FACE4D5D22188F6D00DC7CB9 /* LaunchScreen.storyboard */; };
/* End PBXBuildFile section */

/* Begin PBXFileReference section */
		57600181B5BC3056E3C4E71F /* Pods-FakeNewsWebBrowser.release.xcconfig */ = {isa = PBXFileReference; includeInIndex = 1; lastKnownFileType = text.xcconfig; name = "Pods-FakeNewsWebBrowser.release.xcconfig"; path = "Pods/Target Support Files/Pods-FakeNewsWebBrowser/Pods-FakeNewsWebBrowser.release.xcconfig"; sourceTree = "<group>"; };
		73916EBE6D59EA71A7DC1EFF /* Pods-FakeNewsWebBrowser.debug.xcconfig */ = {isa = PBXFileReference; includeInIndex = 1; lastKnownFileType = text.xcconfig; name = "Pods-FakeNewsWebBrowser.debug.xcconfig"; path = "Pods/Target Support Files/Pods-FakeNewsWebBrowser/Pods-FakeNewsWebBrowser.debug.xcconfig"; sourceTree = "<group>"; };
		F9938DC3648FE2C4CB32F8DF /* Pods_FakeNewsWebBrowser.framework */ = {isa = PBXFileReference; explicitFileType = wrapper.framework; includeInIndex = 0; path = Pods_FakeNewsWebBrowser.framework; sourceTree = BUILT_PRODUCTS_DIR; };
		FA3B668622189C1500AABE8F /* Extensions.swift */ = {isa = PBXFileReference; lastKnownFileType = sourcecode.swift; path = Extensions.swift; sourceTree = "<group>"; };
		FA64B86C2218C659004DA834 /* script.js */ = {isa = PBXFileReference; lastKnownFileType = sourcecode.javascript; path = script.js; sourceTree = "<group>"; };
		FA83D8F62218E793009BD141 /* NewsVerifier.swift */ = {isa = PBXFileReference; lastKnownFileType = sourcecode.swift; path = NewsVerifier.swift; sourceTree = "<group>"; };
		FA83D8F82218F81C009BD141 /* VerificationViewController.swift */ = {isa = PBXFileReference; lastKnownFileType = sourcecode.swift; path = VerificationViewController.swift; sourceTree = "<group>"; };
		FA83D8FA2218F909009BD141 /* response.json */ = {isa = PBXFileReference; lastKnownFileType = text.json; path = response.json; sourceTree = "<group>"; };
		FA83D8FC22190029009BD141 /* ReportCollectionViewCell.swift */ = {isa = PBXFileReference; lastKnownFileType = sourcecode.swift; path = ReportCollectionViewCell.swift; sourceTree = "<group>"; };
		FA83D8FE22190595009BD141 /* Report.swift */ = {isa = PBXFileReference; lastKnownFileType = sourcecode.swift; path = Report.swift; sourceTree = "<group>"; };
		FACE4D5122188F6B00DC7CB9 /* FakeNewsWebBrowser.app */ = {isa = PBXFileReference; explicitFileType = wrapper.application; includeInIndex = 0; path = FakeNewsWebBrowser.app; sourceTree = BUILT_PRODUCTS_DIR; };
		FACE4D5422188F6B00DC7CB9 /* AppDelegate.swift */ = {isa = PBXFileReference; lastKnownFileType = sourcecode.swift; path = AppDelegate.swift; sourceTree = "<group>"; };
		FACE4D5622188F6B00DC7CB9 /* ViewController.swift */ = {isa = PBXFileReference; lastKnownFileType = sourcecode.swift; path = ViewController.swift; sourceTree = "<group>"; };
		FACE4D5922188F6B00DC7CB9 /* Base */ = {isa = PBXFileReference; lastKnownFileType = file.storyboard; name = Base; path = Base.lproj/Main.storyboard; sourceTree = "<group>"; };
		FACE4D5B22188F6D00DC7CB9 /* Assets.xcassets */ = {isa = PBXFileReference; lastKnownFileType = folder.assetcatalog; path = Assets.xcassets; sourceTree = "<group>"; };
		FACE4D5E22188F6D00DC7CB9 /* Base */ = {isa = PBXFileReference; lastKnownFileType = file.storyboard; name = Base; path = Base.lproj/LaunchScreen.storyboard; sourceTree = "<group>"; };
		FACE4D6022188F6D00DC7CB9 /* Info.plist */ = {isa = PBXFileReference; lastKnownFileType = text.plist.xml; path = Info.plist; sourceTree = "<group>"; };
/* End PBXFileReference section */

/* Begin PBXFrameworksBuildPhase section */
		FACE4D4E22188F6B00DC7CB9 /* Frameworks */ = {
			isa = PBXFrameworksBuildPhase;
			buildActionMask = 2147483647;
			files = (
				21B628B80F8EB873F56EC2AC /* Pods_FakeNewsWebBrowser.framework in Frameworks */,
			);
			runOnlyForDeploymentPostprocessing = 0;
		};
/* End PBXFrameworksBuildPhase section */

/* Begin PBXGroup section */
		24227496872DC2EA41BF8B98 /* Pods */ = {
			isa = PBXGroup;
			children = (
				73916EBE6D59EA71A7DC1EFF /* Pods-FakeNewsWebBrowser.debug.xcconfig */,
				57600181B5BC3056E3C4E71F /* Pods-FakeNewsWebBrowser.release.xcconfig */,
			);
			name = Pods;
			sourceTree = "<group>";
		};
		EA5AF5AFC445B28378C71CFB /* Frameworks */ = {
			isa = PBXGroup;
			children = (
				F9938DC3648FE2C4CB32F8DF /* Pods_FakeNewsWebBrowser.framework */,
			);
			name = Frameworks;
			sourceTree = "<group>";
		};
		FACE4D4822188F6B00DC7CB9 = {
			isa = PBXGroup;
			children = (
				FACE4D5322188F6B00DC7CB9 /* FakeNewsWebBrowser */,
				FACE4D5222188F6B00DC7CB9 /* Products */,
				24227496872DC2EA41BF8B98 /* Pods */,
				EA5AF5AFC445B28378C71CFB /* Frameworks */,
			);
			sourceTree = "<group>";
		};
		FACE4D5222188F6B00DC7CB9 /* Products */ = {
			isa = PBXGroup;
			children = (
				FACE4D5122188F6B00DC7CB9 /* FakeNewsWebBrowser.app */,
			);
			name = Products;
			sourceTree = "<group>";
		};
		FACE4D5322188F6B00DC7CB9 /* FakeNewsWebBrowser */ = {
			isa = PBXGroup;
			children = (
				FACE4D5422188F6B00DC7CB9 /* AppDelegate.swift */,
				FACE4D5622188F6B00DC7CB9 /* ViewController.swift */,
				FA83D8F82218F81C009BD141 /* VerificationViewController.swift */,
				FA83D8FE22190595009BD141 /* Report.swift */,
				FA83D8FC22190029009BD141 /* ReportCollectionViewCell.swift */,
				FA83D8F62218E793009BD141 /* NewsVerifier.swift */,
				FA3B668622189C1500AABE8F /* Extensions.swift */,
				FACE4D5822188F6B00DC7CB9 /* Main.storyboard */,
				FA83D8FA2218F909009BD141 /* response.json */,
				FA64B86C2218C659004DA834 /* script.js */,
				FACE4D5B22188F6D00DC7CB9 /* Assets.xcassets */,
				FACE4D5D22188F6D00DC7CB9 /* LaunchScreen.storyboard */,
				FACE4D6022188F6D00DC7CB9 /* Info.plist */,
			);
			path = FakeNewsWebBrowser;
			sourceTree = "<group>";
		};
/* End PBXGroup section */

/* Begin PBXNativeTarget section */
		FACE4D5022188F6B00DC7CB9 /* FakeNewsWebBrowser */ = {
			isa = PBXNativeTarget;
			buildConfigurationList = FACE4D6322188F6D00DC7CB9 /* Build configuration list for PBXNativeTarget "FakeNewsWebBrowser" */;
			buildPhases = (
				8427218A96CBD5FD1A73A575 /* [CP] Check Pods Manifest.lock */,
				FACE4D4D22188F6B00DC7CB9 /* Sources */,
				FACE4D4E22188F6B00DC7CB9 /* Frameworks */,
				FACE4D4F22188F6B00DC7CB9 /* Resources */,
				9EF10B793205A50D2A7ECCF7 /* [CP] Embed Pods Frameworks */,
			);
			buildRules = (
			);
			dependencies = (
			);
			name = FakeNewsWebBrowser;
			productName = FakeNewsWebBrowser;
			productReference = FACE4D5122188F6B00DC7CB9 /* FakeNewsWebBrowser.app */;
			productType = "com.apple.product-type.application";
		};
/* End PBXNativeTarget section */

/* Begin PBXProject section */
		FACE4D4922188F6B00DC7CB9 /* Project object */ = {
			isa = PBXProject;
			attributes = {
				LastSwiftUpdateCheck = 1010;
				LastUpgradeCheck = 1010;
				ORGANIZATIONNAME = "Jacob Goldfarb";
				TargetAttributes = {
					FACE4D5022188F6B00DC7CB9 = {
						CreatedOnToolsVersion = 10.1;
					};
				};
			};
			buildConfigurationList = FACE4D4C22188F6B00DC7CB9 /* Build configuration list for PBXProject "FakeNewsWebBrowser" */;
			compatibilityVersion = "Xcode 9.3";
			developmentRegion = en;
			hasScannedForEncodings = 0;
			knownRegions = (
				en,
				Base,
			);
			mainGroup = FACE4D4822188F6B00DC7CB9;
			productRefGroup = FACE4D5222188F6B00DC7CB9 /* Products */;
			projectDirPath = "";
			projectRoot = "";
			targets = (
				FACE4D5022188F6B00DC7CB9 /* FakeNewsWebBrowser */,
			);
		};
/* End PBXProject section */

/* Begin PBXResourcesBuildPhase section */
		FACE4D4F22188F6B00DC7CB9 /* Resources */ = {
			isa = PBXResourcesBuildPhase;
			buildActionMask = 2147483647;
			files = (
				FACE4D5F22188F6D00DC7CB9 /* LaunchScreen.storyboard in Resources */,
				FA64B86D2218C659004DA834 /* script.js in Resources */,
				FACE4D5C22188F6D00DC7CB9 /* Assets.xcassets in Resources */,
				FA83D8FB2218F909009BD141 /* response.json in Resources */,
				FACE4D5A22188F6B00DC7CB9 /* Main.storyboard in Resources */,
			);
			runOnlyForDeploymentPostprocessing = 0;
		};
/* End PBXResourcesBuildPhase section */

/* Begin PBXShellScriptBuildPhase section */
		8427218A96CBD5FD1A73A575 /* [CP] Check Pods Manifest.lock */ = {
			isa = PBXShellScriptBuildPhase;
			buildActionMask = 2147483647;
			files = (
			);
			inputPaths = (
				"${PODS_PODFILE_DIR_PATH}/Podfile.lock",
				"${PODS_ROOT}/Manifest.lock",
			);
			name = "[CP] Check Pods Manifest.lock";
			outputPaths = (
				"$(DERIVED_FILE_DIR)/Pods-FakeNewsWebBrowser-checkManifestLockResult.txt",
			);
			runOnlyForDeploymentPostprocessing = 0;
			shellPath = /bin/sh;
			shellScript = "diff \"${PODS_PODFILE_DIR_PATH}/Podfile.lock\" \"${PODS_ROOT}/Manifest.lock\" > /dev/null\nif [ $? != 0 ] ; then\n    # print error to STDERR\n    echo \"error: The sandbox is not in sync with the Podfile.lock. Run 'pod install' or update your CocoaPods installation.\" >&2\n    exit 1\nfi\n# This output is used by Xcode 'outputs' to avoid re-running this script phase.\necho \"SUCCESS\" > \"${SCRIPT_OUTPUT_FILE_0}\"\n";
			showEnvVarsInLog = 0;
		};
		9EF10B793205A50D2A7ECCF7 /* [CP] Embed Pods Frameworks */ = {
			isa = PBXShellScriptBuildPhase;
			buildActionMask = 2147483647;
			files = (
			);
			inputPaths = (
				"${SRCROOT}/Pods/Target Support Files/Pods-FakeNewsWebBrowser/Pods-FakeNewsWebBrowser-frameworks.sh",
				"${BUILT_PRODUCTS_DIR}/Alamofire/Alamofire.framework",
			);
			name = "[CP] Embed Pods Frameworks";
			outputPaths = (
				"${TARGET_BUILD_DIR}/${FRAMEWORKS_FOLDER_PATH}/Alamofire.framework",
			);
			runOnlyForDeploymentPostprocessing = 0;
			shellPath = /bin/sh;
			shellScript = "\"${SRCROOT}/Pods/Target Support Files/Pods-FakeNewsWebBrowser/Pods-FakeNewsWebBrowser-frameworks.sh\"\n";
			showEnvVarsInLog = 0;
		};
/* End PBXShellScriptBuildPhase section */

/* Begin PBXSourcesBuildPhase section */
		FACE4D4D22188F6B00DC7CB9 /* Sources */ = {
			isa = PBXSourcesBuildPhase;
			buildActionMask = 2147483647;
			files = (
				FA83D8FD22190029009BD141 /* ReportCollectionViewCell.swift in Sources */,
				FA3B668722189C1500AABE8F /* Extensions.swift in Sources */,
				FA83D8FF22190595009BD141 /* Report.swift in Sources */,
				FACE4D5722188F6B00DC7CB9 /* ViewController.swift in Sources */,
				FA83D8F92218F81C009BD141 /* VerificationViewController.swift in Sources */,
				FA83D8F72218E793009BD141 /* NewsVerifier.swift in Sources */,
				FACE4D5522188F6B00DC7CB9 /* AppDelegate.swift in Sources */,
			);
			runOnlyForDeploymentPostprocessing = 0;
		};
/* End PBXSourcesBuildPhase section */

/* Begin PBXVariantGroup section */
		FACE4D5822188F6B00DC7CB9 /* Main.storyboard */ = {
			isa = PBXVariantGroup;
			children = (
				FACE4D5922188F6B00DC7CB9 /* Base */,
			);
			name = Main.storyboard;
			sourceTree = "<group>";
		};
		FACE4D5D22188F6D00DC7CB9 /* LaunchScreen.storyboard */ = {
			isa = PBXVariantGroup;
			children = (
				FACE4D5E22188F6D00DC7CB9 /* Base */,
			);
			name = LaunchScreen.storyboard;
			sourceTree = "<group>";
		};
/* End PBXVariantGroup section */

/* Begin XCBuildConfiguration section */
		FACE4D6122188F6D00DC7CB9 /* Debug */ = {
			isa = XCBuildConfiguration;
			buildSettings = {
				ALWAYS_SEARCH_USER_PATHS = NO;
				CLANG_ANALYZER_NONNULL = YES;
				CLANG_ANALYZER_NUMBER_OBJECT_CONVERSION = YES_AGGRESSIVE;
				CLANG_CXX_LANGUAGE_STANDARD = "gnu++14";
				CLANG_CXX_LIBRARY = "libc++";
				CLANG_ENABLE_MODULES = YES;
				CLANG_ENABLE_OBJC_ARC = YES;
				CLANG_ENABLE_OBJC_WEAK = YES;
				CLANG_WARN_BLOCK_CAPTURE_AUTORELEASING = YES;
				CLANG_WARN_BOOL_CONVERSION = YES;
				CLANG_WARN_COMMA = YES;
				CLANG_WARN_CONSTANT_CONVERSION = YES;
				CLANG_WARN_DEPRECATED_OBJC_IMPLEMENTATIONS = YES;
				CLANG_WARN_DIRECT_OBJC_ISA_USAGE = YES_ERROR;
				CLANG_WARN_DOCUMENTATION_COMMENTS = YES;
				CLANG_WARN_EMPTY_BODY = YES;
				CLANG_WARN_ENUM_CONVERSION = YES;
				CLANG_WARN_INFINITE_RECURSION = YES;
				CLANG_WARN_INT_CONVERSION = YES;
				CLANG_WARN_NON_LITERAL_NULL_CONVERSION = YES;
				CLANG_WARN_OBJC_IMPLICIT_RETAIN_SELF = YES;
				CLANG_WARN_OBJC_LITERAL_CONVERSION = YES;
				CLANG_WARN_OBJC_ROOT_CLASS = YES_ERROR;
				CLANG_WARN_RANGE_LOOP_ANALYSIS = YES;
				CLANG_WARN_STRICT_PROTOTYPES = YES;
				CLANG_WARN_SUSPICIOUS_MOVE = YES;
				CLANG_WARN_UNGUARDED_AVAILABILITY = YES_AGGRESSIVE;
				CLANG_WARN_UNREACHABLE_CODE = YES;
				CLANG_WARN__DUPLICATE_METHOD_MATCH = YES;
				CODE_SIGN_IDENTITY = "iPhone Developer";
				COPY_PHASE_STRIP = NO;
				DEBUG_INFORMATION_FORMAT = dwarf;
				ENABLE_STRICT_OBJC_MSGSEND = YES;
				ENABLE_TESTABILITY = YES;
				GCC_C_LANGUAGE_STANDARD = gnu11;
				GCC_DYNAMIC_NO_PIC = NO;
				GCC_NO_COMMON_BLOCKS = YES;
				GCC_OPTIMIZATION_LEVEL = 0;
				GCC_PREPROCESSOR_DEFINITIONS = (
					"DEBUG=1",
					"$(inherited)",
				);
				GCC_WARN_64_TO_32_BIT_CONVERSION = YES;
				GCC_WARN_ABOUT_RETURN_TYPE = YES_ERROR;
				GCC_WARN_UNDECLARED_SELECTOR = YES;
				GCC_WARN_UNINITIALIZED_AUTOS = YES_AGGRESSIVE;
				GCC_WARN_UNUSED_FUNCTION = YES;
				GCC_WARN_UNUSED_VARIABLE = YES;
				IPHONEOS_DEPLOYMENT_TARGET = 12.1;
				MTL_ENABLE_DEBUG_INFO = INCLUDE_SOURCE;
				MTL_FAST_MATH = YES;
				ONLY_ACTIVE_ARCH = YES;
				SDKROOT = iphoneos;
				SWIFT_ACTIVE_COMPILATION_CONDITIONS = DEBUG;
				SWIFT_OPTIMIZATION_LEVEL = "-Onone";
			};
			name = Debug;
		};
		FACE4D6222188F6D00DC7CB9 /* Release */ = {
			isa = XCBuildConfiguration;
			buildSettings = {
				ALWAYS_SEARCH_USER_PATHS = NO;
				CLANG_ANALYZER_NONNULL = YES;
				CLANG_ANALYZER_NUMBER_OBJECT_CONVERSION = YES_AGGRESSIVE;
				CLANG_CXX_LANGUAGE_STANDARD = "gnu++14";
				CLANG_CXX_LIBRARY = "libc++";
				CLANG_ENABLE_MODULES = YES;
				CLANG_ENABLE_OBJC_ARC = YES;
				CLANG_ENABLE_OBJC_WEAK = YES;
				CLANG_WARN_BLOCK_CAPTURE_AUTORELEASING = YES;
				CLANG_WARN_BOOL_CONVERSION = YES;
				CLANG_WARN_COMMA = YES;
				CLANG_WARN_CONSTANT_CONVERSION = YES;
				CLANG_WARN_DEPRECATED_OBJC_IMPLEMENTATIONS = YES;
				CLANG_WARN_DIRECT_OBJC_ISA_USAGE = YES_ERROR;
				CLANG_WARN_DOCUMENTATION_COMMENTS = YES;
				CLANG_WARN_EMPTY_BODY = YES;
				CLANG_WARN_ENUM_CONVERSION = YES;
				CLANG_WARN_INFINITE_RECURSION = YES;
				CLANG_WARN_INT_CONVERSION = YES;
				CLANG_WARN_NON_LITERAL_NULL_CONVERSION = YES;
				CLANG_WARN_OBJC_IMPLICIT_RETAIN_SELF = YES;
				CLANG_WARN_OBJC_LITERAL_CONVERSION = YES;
				CLANG_WARN_OBJC_ROOT_CLASS = YES_ERROR;
				CLANG_WARN_RANGE_LOOP_ANALYSIS = YES;
				CLANG_WARN_STRICT_PROTOTYPES = YES;
				CLANG_WARN_SUSPICIOUS_MOVE = YES;
				CLANG_WARN_UNGUARDED_AVAILABILITY = YES_AGGRESSIVE;
				CLANG_WARN_UNREACHABLE_CODE = YES;
				CLANG_WARN__DUPLICATE_METHOD_MATCH = YES;
				CODE_SIGN_IDENTITY = "iPhone Developer";
				COPY_PHASE_STRIP = NO;
				DEBUG_INFORMATION_FORMAT = "dwarf-with-dsym";
				ENABLE_NS_ASSERTIONS = NO;
				ENABLE_STRICT_OBJC_MSGSEND = YES;
				GCC_C_LANGUAGE_STANDARD = gnu11;
				GCC_NO_COMMON_BLOCKS = YES;
				GCC_WARN_64_TO_32_BIT_CONVERSION = YES;
				GCC_WARN_ABOUT_RETURN_TYPE = YES_ERROR;
				GCC_WARN_UNDECLARED_SELECTOR = YES;
				GCC_WARN_UNINITIALIZED_AUTOS = YES_AGGRESSIVE;
				GCC_WARN_UNUSED_FUNCTION = YES;
				GCC_WARN_UNUSED_VARIABLE = YES;
				IPHONEOS_DEPLOYMENT_TARGET = 12.1;
				MTL_ENABLE_DEBUG_INFO = NO;
				MTL_FAST_MATH = YES;
				SDKROOT = iphoneos;
				SWIFT_COMPILATION_MODE = wholemodule;
				SWIFT_OPTIMIZATION_LEVEL = "-O";
				VALIDATE_PRODUCT = YES;
			};
			name = Release;
		};
		FACE4D6422188F6D00DC7CB9 /* Debug */ = {
			isa = XCBuildConfiguration;
			baseConfigurationReference = 73916EBE6D59EA71A7DC1EFF /* Pods-FakeNewsWebBrowser.debug.xcconfig */;
			buildSettings = {
				ASSETCATALOG_COMPILER_APPICON_NAME = AppIcon;
				CODE_SIGN_STYLE = Automatic;
				DEVELOPMENT_TEAM = D4Q8ZA92YZ;
				INFOPLIST_FILE = FakeNewsWebBrowser/Info.plist;
				LD_RUNPATH_SEARCH_PATHS = (
					"$(inherited)",
					"@executable_path/Frameworks",
				);
				PRODUCT_BUNDLE_IDENTIFIER = "Jacob-Goldfarb.FakeNewsWebBrowser";
				PRODUCT_NAME = "$(TARGET_NAME)";
				SWIFT_VERSION = 4.2;
				TARGETED_DEVICE_FAMILY = "1,2";
			};
			name = Debug;
		};
		FACE4D6522188F6D00DC7CB9 /* Release */ = {
			isa = XCBuildConfiguration;
			baseConfigurationReference = 57600181B5BC3056E3C4E71F /* Pods-FakeNewsWebBrowser.release.xcconfig */;
			buildSettings = {
				ASSETCATALOG_COMPILER_APPICON_NAME = AppIcon;
				CODE_SIGN_STYLE = Automatic;
				DEVELOPMENT_TEAM = D4Q8ZA92YZ;
				INFOPLIST_FILE = FakeNewsWebBrowser/Info.plist;
				LD_RUNPATH_SEARCH_PATHS = (
					"$(inherited)",
					"@executable_path/Frameworks",
				);
				PRODUCT_BUNDLE_IDENTIFIER = "Jacob-Goldfarb.FakeNewsWebBrowser";
				PRODUCT_NAME = "$(TARGET_NAME)";
				SWIFT_VERSION = 4.2;
				TARGETED_DEVICE_FAMILY = "1,2";
			};
			name = Release;
		};
/* End XCBuildConfiguration section */

/* Begin XCConfigurationList section */
		FACE4D4C22188F6B00DC7CB9 /* Build configuration list for PBXProject "FakeNewsWebBrowser" */ = {
			isa = XCConfigurationList;
			buildConfigurations = (
				FACE4D6122188F6D00DC7CB9 /* Debug */,
				FACE4D6222188F6D00DC7CB9 /* Release */,
			);
			defaultConfigurationIsVisible = 0;
			defaultConfigurationName = Release;
		};
		FACE4D6322188F6D00DC7CB9 /* Build configuration list for PBXNativeTarget "FakeNewsWebBrowser" */ = {
			isa = XCConfigurationList;
			buildConfigurations = (
				FACE4D6422188F6D00DC7CB9 /* Debug */,
				FACE4D6522188F6D00DC7CB9 /* Release */,
			);
			defaultConfigurationIsVisible = 0;
			defaultConfigurationName = Release;
		};
/* End XCConfigurationList section */
	};
	rootObject = FACE4D4922188F6B00DC7CB9 /* Project object */;
}
